// !$*UTF8*$!
{
	archiveVersion = 1;
	classes = {
	};
	objectVersion = 77;
	objects = {

/* Begin PBXBuildFile section */
		ED156BB32E0786030022FE0C /* GoogleService-Info.plist in Resources */ = {isa = PBXBuildFile; fileRef = ED156BB22E0786030022FE0C /* GoogleService-Info.plist */; };
		ED156BC62E0788D30022FE0C /* FirebaseAI in Frameworks */ = {isa = PBXBuildFile; productRef = ED156BC52E0788D30022FE0C /* FirebaseAI */; };
		ED156BC82E0788D30022FE0C /* FirebaseAppCheck in Frameworks */ = {isa = PBXBuildFile; productRef = ED156BC72E0788D30022FE0C /* FirebaseAppCheck */; };
		ED156BCA2E0788D30022FE0C /* FirebaseAuth in Frameworks */ = {isa = PBXBuildFile; productRef = ED156BC92E0788D30022FE0C /* FirebaseAuth */; };
		ED156BCC2E0788D30022FE0C /* FirebaseAuthCombine-Community in Frameworks */ = {isa = PBXBuildFile; productRef = ED156BCB2E0788D30022FE0C /* FirebaseAuthCombine-Community */; };
		ED156BCE2E0788D30022FE0C /* FirebaseCore in Frameworks */ = {isa = PBXBuildFile; productRef = ED156BCD2E0788D30022FE0C /* FirebaseCore */; };
		ED156BD02E0788D30022FE0C /* FirebaseDatabase in Frameworks */ = {isa = PBXBuildFile; productRef = ED156BCF2E0788D30022FE0C /* FirebaseDatabase */; };
		ED156BD22E0788D30022FE0C /* FirebaseFirestore in Frameworks */ = {isa = PBXBuildFile; productRef = ED156BD12E0788D30022FE0C /* FirebaseFirestore */; };
		ED156BD42E0788D30022FE0C /* FirebaseFirestoreCombine-Community in Frameworks */ = {isa = PBXBuildFile; productRef = ED156BD32E0788D30022FE0C /* FirebaseFirestoreCombine-Community */; };
		ED156BD62E0788D30022FE0C /* FirebaseFunctions in Frameworks */ = {isa = PBXBuildFile; productRef = ED156BD52E0788D30022FE0C /* FirebaseFunctions */; };
		ED156BD82E0788D30022FE0C /* FirebaseStorage in Frameworks */ = {isa = PBXBuildFile; productRef = ED156BD72E0788D30022FE0C /* FirebaseStorage */; };
		ED156BDA2E0788D30022FE0C /* FirebaseStorageCombine-Community in Frameworks */ = {isa = PBXBuildFile; productRef = ED156BD92E0788D30022FE0C /* FirebaseStorageCombine-Community */; };
/* End PBXBuildFile section */

/* Begin PBXFileReference section */
		ED156BA32E07844B0022FE0C /* ShondonDHApp.app */ = {isa = PBXFileReference; explicitFileType = wrapper.application; includeInIndex = 0; path = ShondonDHApp.app; sourceTree = BUILT_PRODUCTS_DIR; };
		ED156BB22E0786030022FE0C /* GoogleService-Info.plist */ = {isa = PBXFileReference; lastKnownFileType = text.plist.xml; path = "GoogleService-Info.plist"; sourceTree = "<group>"; };
/* End PBXFileReference section */

/* Begin PBXFileSystemSynchronizedRootGroup section */
		ED156BA52E07844B0022FE0C /* ShondonDHApp */ = {
			isa = PBXFileSystemSynchronizedRootGroup;
			path = ShondonDHApp;
			sourceTree = "<group>";
		};
/* End PBXFileSystemSynchronizedRootGroup section */

/* Begin PBXFrameworksBuildPhase section */
		ED156BA02E07844B0022FE0C /* Frameworks */ = {
			isa = PBXFrameworksBuildPhase;
			buildActionMask = 2147483647;
			files = (
				ED156BDA2E0788D30022FE0C /* FirebaseStorageCombine-Community in Frameworks */,
				ED156BD02E0788D30022FE0C /* FirebaseDatabase in Frameworks */,
				ED156BD42E0788D30022FE0C /* FirebaseFirestoreCombine-Community in Frameworks */,
				ED156BC82E0788D30022FE0C /* FirebaseAppCheck in Frameworks */,
				ED156BD82E0788D30022FE0C /* FirebaseStorage in Frameworks */,
				ED156BD62E0788D30022FE0C /* FirebaseFunctions in Frameworks */,
				ED156BCE2E0788D30022FE0C /* FirebaseCore in Frameworks */,
				ED156BCA2E0788D30022FE0C /* FirebaseAuth in Frameworks */,
				ED156BC62E0788D30022FE0C /* FirebaseAI in Frameworks */,
				ED156BCC2E0788D30022FE0C /* FirebaseAuthCombine-Community in Frameworks */,
				ED156BD22E0788D30022FE0C /* FirebaseFirestore in Frameworks */,
			);
			runOnlyForDeploymentPostprocessing = 0;
		};
/* End PBXFrameworksBuildPhase section */

/* Begin PBXGroup section */
		ED156B9A2E07844B0022FE0C = {
			isa = PBXGroup;
			children = (
				ED156BA42E07844B0022FE0C /* Products */,
				ED156BB22E0786030022FE0C /* GoogleService-Info.plist */,
				ED156BA52E07844B0022FE0C /* ShondonDHApp */,
			);
			sourceTree = "<group>";
		};
		ED156BA42E07844B0022FE0C /* Products */ = {
			isa = PBXGroup;
			children = (
				ED156BA32E07844B0022FE0C /* ShondonDHApp.app */,
			);
			name = Products;
			sourceTree = "<group>";
		};
/* End PBXGroup section */

/* Begin PBXNativeTarget section */
		ED156BA22E07844B0022FE0C /* ShondonDHApp */ = {
			isa = PBXNativeTarget;
			buildConfigurationList = ED156BAE2E07844D0022FE0C /* Build configuration list for PBXNativeTarget "ShondonDHApp" */;
			buildPhases = (
				ED156B9F2E07844B0022FE0C /* Sources */,
				ED156BA02E07844B0022FE0C /* Frameworks */,
				ED156BA12E07844B0022FE0C /* Resources */,
			);
			buildRules = (
			);
			dependencies = (
			);
			fileSystemSynchronizedGroups = (
				ED156BA52E07844B0022FE0C /* ShondonDHApp */,
			);
			name = ShondonDHApp;
			packageProductDependencies = (
				ED156BC52E0788D30022FE0C /* FirebaseAI */,
				ED156BC72E0788D30022FE0C /* FirebaseAppCheck */,
				ED156BC92E0788D30022FE0C /* FirebaseAuth */,
				ED156BCB2E0788D30022FE0C /* FirebaseAuthCombine-Community */,
				ED156BCD2E0788D30022FE0C /* FirebaseCore */,
				ED156BCF2E0788D30022FE0C /* FirebaseDatabase */,
				ED156BD12E0788D30022FE0C /* FirebaseFirestore */,
				ED156BD32E0788D30022FE0C /* FirebaseFirestoreCombine-Community */,
				ED156BD52E0788D30022FE0C /* FirebaseFunctions */,
				ED156BD72E0788D30022FE0C /* FirebaseStorage */,
				ED156BD92E0788D30022FE0C /* FirebaseStorageCombine-Community */,
			);
			productName = ShondonDHApp;
			productReference = ED156BA32E07844B0022FE0C /* ShondonDHApp.app */;
			productType = "com.apple.product-type.application";
		};
/* End PBXNativeTarget section */

/* Begin PBXProject section */
		ED156B9B2E07844B0022FE0C /* Project object */ = {
			isa = PBXProject;
			attributes = {
				BuildIndependentTargetsInParallel = 1;
				LastSwiftUpdateCheck = 2600;
				LastUpgradeCheck = 2600;
				TargetAttributes = {
					ED156BA22E07844B0022FE0C = {
						CreatedOnToolsVersion = 26.0;
					};
				};
			};
			buildConfigurationList = ED156B9E2E07844B0022FE0C /* Build configuration list for PBXProject "ShondonDHApp" */;
			developmentRegion = en;
			hasScannedForEncodings = 0;
			knownRegions = (
				en,
				Base,
			);
			mainGroup = ED156B9A2E07844B0022FE0C;
			minimizedProjectReferenceProxies = 1;
			packageReferences = (
				ED156BB12E0785D20022FE0C /* XCRemoteSwiftPackageReference "firebase-ios-sdk" */,
			);
			preferredProjectObjectVersion = 77;
			productRefGroup = ED156BA42E07844B0022FE0C /* Products */;
			projectDirPath = "";
			projectRoot = "";
			targets = (
				ED156BA22E07844B0022FE0C /* ShondonDHApp */,
			);
		};
/* End PBXProject section */

/* Begin PBXResourcesBuildPhase section */
		ED156BA12E07844B0022FE0C /* Resources */ = {
			isa = PBXResourcesBuildPhase;
			buildActionMask = 2147483647;
			files = (
				ED156BB32E0786030022FE0C /* GoogleService-Info.plist in Resources */,
			);
			runOnlyForDeploymentPostprocessing = 0;
		};
/* End PBXResourcesBuildPhase section */

/* Begin PBXSourcesBuildPhase section */
		ED156B9F2E07844B0022FE0C /* Sources */ = {
			isa = PBXSourcesBuildPhase;
			buildActionMask = 2147483647;
			files = (
			);
			runOnlyForDeploymentPostprocessing = 0;
		};
/* End PBXSourcesBuildPhase section */

/* Begin XCBuildConfiguration section */
		ED156BAC2E07844D0022FE0C /* Debug */ = {
			isa = XCBuildConfiguration;
			buildSettings = {
				ALWAYS_SEARCH_USER_PATHS = NO;
				ASSETCATALOG_COMPILER_GENERATE_SWIFT_ASSET_SYMBOL_EXTENSIONS = YES;
				CLANG_ANALYZER_NONNULL = YES;
				CLANG_ANALYZER_NUMBER_OBJECT_CONVERSION = YES_AGGRESSIVE;
				CLANG_CXX_LANGUAGE_STANDARD = "gnu++20";
				CLANG_ENABLE_MODULES = YES;
				CLANG_ENABLE_OBJC_ARC = YES;
				CLANG_ENABLE_OBJC_WEAK = YES;
				CLANG_WARN_BLOCK_CAPTURE_AUTORELEASING = YES;
				CLANG_WARN_BOOL_CONVERSION = YES;
				CLANG_WARN_COMMA = YES;
				CLANG_WARN_CONSTANT_CONVERSION = YES;
				CLANG_WARN_DEPRECATED_OBJC_IMPLEMENTATIONS = YES;
				CLANG_WARN_DIRECT_OBJC_ISA_USAGE = YES_ERROR;
				CLANG_WARN_DOCUMENTATION_COMMENTS = YES;
				CLANG_WARN_EMPTY_BODY = YES;
				CLANG_WARN_ENUM_CONVERSION = YES;
				CLANG_WARN_INFINITE_RECURSION = YES;
				CLANG_WARN_INT_CONVERSION = YES;
				CLANG_WARN_NON_LITERAL_NULL_CONVERSION = YES;
				CLANG_WARN_OBJC_IMPLICIT_RETAIN_SELF = YES;
				CLANG_WARN_OBJC_LITERAL_CONVERSION = YES;
				CLANG_WARN_OBJC_ROOT_CLASS = YES_ERROR;
				CLANG_WARN_QUOTED_INCLUDE_IN_FRAMEWORK_HEADER = YES;
				CLANG_WARN_RANGE_LOOP_ANALYSIS = YES;
				CLANG_WARN_STRICT_PROTOTYPES = YES;
				CLANG_WARN_SUSPICIOUS_MOVE = YES;
				CLANG_WARN_UNGUARDED_AVAILABILITY = YES_AGGRESSIVE;
				CLANG_WARN_UNREACHABLE_CODE = YES;
				CLANG_WARN__DUPLICATE_METHOD_MATCH = YES;
				COPY_PHASE_STRIP = NO;
				DEBUG_INFORMATION_FORMAT = dwarf;
				DEVELOPMENT_TEAM = FY6D88PP57;
				ENABLE_STRICT_OBJC_MSGSEND = YES;
				ENABLE_TESTABILITY = YES;
				ENABLE_USER_SCRIPT_SANDBOXING = YES;
				GCC_C_LANGUAGE_STANDARD = gnu17;
				GCC_DYNAMIC_NO_PIC = NO;
				GCC_NO_COMMON_BLOCKS = YES;
				GCC_OPTIMIZATION_LEVEL = 0;
				GCC_PREPROCESSOR_DEFINITIONS = (
					"DEBUG=1",
					"$(inherited)",
				);
				GCC_WARN_64_TO_32_BIT_CONVERSION = YES;
				GCC_WARN_ABOUT_RETURN_TYPE = YES_ERROR;
				GCC_WARN_UNDECLARED_SELECTOR = YES;
				GCC_WARN_UNINITIALIZED_AUTOS = YES_AGGRESSIVE;
				GCC_WARN_UNUSED_FUNCTION = YES;
				GCC_WARN_UNUSED_VARIABLE = YES;
				LOCALIZATION_PREFERS_STRING_CATALOGS = YES;
				MTL_ENABLE_DEBUG_INFO = INCLUDE_SOURCE;
				MTL_FAST_MATH = YES;
				ONLY_ACTIVE_ARCH = YES;
				SWIFT_ACTIVE_COMPILATION_CONDITIONS = "DEBUG $(inherited)";
				SWIFT_OPTIMIZATION_LEVEL = "-Onone";
			};
			name = Debug;
		};
		ED156BAD2E07844D0022FE0C /* Release */ = {
			isa = XCBuildConfiguration;
			buildSettings = {
				ALWAYS_SEARCH_USER_PATHS = NO;
				ASSETCATALOG_COMPILER_GENERATE_SWIFT_ASSET_SYMBOL_EXTENSIONS = YES;
				CLANG_ANALYZER_NONNULL = YES;
				CLANG_ANALYZER_NUMBER_OBJECT_CONVERSION = YES_AGGRESSIVE;
				CLANG_CXX_LANGUAGE_STANDARD = "gnu++20";
				CLANG_ENABLE_MODULES = YES;
				CLANG_ENABLE_OBJC_ARC = YES;
				CLANG_ENABLE_OBJC_WEAK = YES;
				CLANG_WARN_BLOCK_CAPTURE_AUTORELEASING = YES;
				CLANG_WARN_BOOL_CONVERSION = YES;
				CLANG_WARN_COMMA = YES;
				CLANG_WARN_CONSTANT_CONVERSION = YES;
				CLANG_WARN_DEPRECATED_OBJC_IMPLEMENTATIONS = YES;
				CLANG_WARN_DIRECT_OBJC_ISA_USAGE = YES_ERROR;
				CLANG_WARN_DOCUMENTATION_COMMENTS = YES;
				CLANG_WARN_EMPTY_BODY = YES;
				CLANG_WARN_ENUM_CONVERSION = YES;
				CLANG_WARN_INFINITE_RECURSION = YES;
				CLANG_WARN_INT_CONVERSION = YES;
				CLANG_WARN_NON_LITERAL_NULL_CONVERSION = YES;
				CLANG_WARN_OBJC_IMPLICIT_RETAIN_SELF = YES;
				CLANG_WARN_OBJC_LITERAL_CONVERSION = YES;
				CLANG_WARN_OBJC_ROOT_CLASS = YES_ERROR;
				CLANG_WARN_QUOTED_INCLUDE_IN_FRAMEWORK_HEADER = YES;
				CLANG_WARN_RANGE_LOOP_ANALYSIS = YES;
				CLANG_WARN_STRICT_PROTOTYPES = YES;
				CLANG_WARN_SUSPICIOUS_MOVE = YES;
				CLANG_WARN_UNGUARDED_AVAILABILITY = YES_AGGRESSIVE;
				CLANG_WARN_UNREACHABLE_CODE = YES;
				CLANG_WARN__DUPLICATE_METHOD_MATCH = YES;
				COPY_PHASE_STRIP = NO;
				DEBUG_INFORMATION_FORMAT = "dwarf-with-dsym";
				DEVELOPMENT_TEAM = FY6D88PP57;
				ENABLE_NS_ASSERTIONS = NO;
				ENABLE_STRICT_OBJC_MSGSEND = YES;
				ENABLE_USER_SCRIPT_SANDBOXING = YES;
				GCC_C_LANGUAGE_STANDARD = gnu17;
				GCC_NO_COMMON_BLOCKS = YES;
				GCC_WARN_64_TO_32_BIT_CONVERSION = YES;
				GCC_WARN_ABOUT_RETURN_TYPE = YES_ERROR;
				GCC_WARN_UNDECLARED_SELECTOR = YES;
				GCC_WARN_UNINITIALIZED_AUTOS = YES_AGGRESSIVE;
				GCC_WARN_UNUSED_FUNCTION = YES;
				GCC_WARN_UNUSED_VARIABLE = YES;
				LOCALIZATION_PREFERS_STRING_CATALOGS = YES;
				MTL_ENABLE_DEBUG_INFO = NO;
				MTL_FAST_MATH = YES;
				SWIFT_COMPILATION_MODE = wholemodule;
			};
			name = Release;
		};
		ED156BAF2E07844D0022FE0C /* Debug */ = {
			isa = XCBuildConfiguration;
			buildSettings = {
				ASSETCATALOG_COMPILER_APPICON_NAME = AppIcon;
				ASSETCATALOG_COMPILER_GLOBAL_ACCENT_COLOR_NAME = AccentColor;
				CODE_SIGN_STYLE = Automatic;
				CURRENT_PROJECT_VERSION = 1;
				DEVELOPMENT_TEAM = FY6D88PP57;
				ENABLE_APP_SANDBOX = YES;
				ENABLE_HARDENED_RUNTIME = YES;
				ENABLE_PREVIEWS = YES;
				ENABLE_USER_SELECTED_FILES = readonly;
				GENERATE_INFOPLIST_FILE = YES;
				"INFOPLIST_KEY_UIApplicationSceneManifest_Generation[sdk=iphoneos*]" = YES;
				"INFOPLIST_KEY_UIApplicationSceneManifest_Generation[sdk=iphonesimulator*]" = YES;
				"INFOPLIST_KEY_UIApplicationSupportsIndirectInputEvents[sdk=iphoneos*]" = YES;
				"INFOPLIST_KEY_UIApplicationSupportsIndirectInputEvents[sdk=iphonesimulator*]" = YES;
				"INFOPLIST_KEY_UILaunchScreen_Generation[sdk=iphoneos*]" = YES;
				"INFOPLIST_KEY_UILaunchScreen_Generation[sdk=iphonesimulator*]" = YES;
				"INFOPLIST_KEY_UIStatusBarStyle[sdk=iphoneos*]" = UIStatusBarStyleDefault;
				"INFOPLIST_KEY_UIStatusBarStyle[sdk=iphonesimulator*]" = UIStatusBarStyleDefault;
				INFOPLIST_KEY_UISupportedInterfaceOrientations_iPad = "UIInterfaceOrientationPortrait UIInterfaceOrientationPortraitUpsideDown UIInterfaceOrientationLandscapeLeft UIInterfaceOrientationLandscapeRight";
				INFOPLIST_KEY_UISupportedInterfaceOrientations_iPhone = "UIInterfaceOrientationPortrait UIInterfaceOrientationLandscapeLeft UIInterfaceOrientationLandscapeRight";
				IPHONEOS_DEPLOYMENT_TARGET = 26.0;
				LD_RUNPATH_SEARCH_PATHS = "@executable_path/Frameworks";
				"LD_RUNPATH_SEARCH_PATHS[sdk=macosx*]" = "@executable_path/../Frameworks";
				MACOSX_DEPLOYMENT_TARGET = 26.0;
				MARKETING_VERSION = 1.0;
				PRODUCT_BUNDLE_IDENTIFIER = PMC.ShondonDHApp;
				PRODUCT_NAME = "$(TARGET_NAME)";
				REGISTER_APP_GROUPS = YES;
				SDKROOT = auto;
				STRING_CATALOG_GENERATE_SYMBOLS = YES;
				SUPPORTED_PLATFORMS = "iphoneos iphonesimulator macosx xros xrsimulator";
				SWIFT_DEFAULT_ACTOR_ISOLATION = MainActor;
				SWIFT_EMIT_LOC_STRINGS = YES;
				SWIFT_UPCOMING_FEATURE_MEMBER_IMPORT_VISIBILITY = YES;
				SWIFT_VERSION = 5.0;
				TARGETED_DEVICE_FAMILY = "1,2,7";
				XROS_DEPLOYMENT_TARGET = 26.0;
			};
			name = Debug;
		};
		ED156BB02E07844D0022FE0C /* Release */ = {
			isa = XCBuildConfiguration;
			buildSettings = {
				ASSETCATALOG_COMPILER_APPICON_NAME = AppIcon;
				ASSETCATALOG_COMPILER_GLOBAL_ACCENT_COLOR_NAME = AccentColor;
				CODE_SIGN_STYLE = Automatic;
				CURRENT_PROJECT_VERSION = 1;
				DEVELOPMENT_TEAM = FY6D88PP57;
				ENABLE_APP_SANDBOX = YES;
				ENABLE_HARDENED_RUNTIME = YES;
				ENABLE_PREVIEWS = YES;
				ENABLE_USER_SELECTED_FILES = readonly;
				GENERATE_INFOPLIST_FILE = YES;
				"INFOPLIST_KEY_UIApplicationSceneManifest_Generation[sdk=iphoneos*]" = YES;
				"INFOPLIST_KEY_UIApplicationSceneManifest_Generation[sdk=iphonesimulator*]" = YES;
				"INFOPLIST_KEY_UIApplicationSupportsIndirectInputEvents[sdk=iphoneos*]" = YES;
				"INFOPLIST_KEY_UIApplicationSupportsIndirectInputEvents[sdk=iphonesimulator*]" = YES;
				"INFOPLIST_KEY_UILaunchScreen_Generation[sdk=iphoneos*]" = YES;
				"INFOPLIST_KEY_UILaunchScreen_Generation[sdk=iphonesimulator*]" = YES;
				"INFOPLIST_KEY_UIStatusBarStyle[sdk=iphoneos*]" = UIStatusBarStyleDefault;
				"INFOPLIST_KEY_UIStatusBarStyle[sdk=iphonesimulator*]" = UIStatusBarStyleDefault;
				INFOPLIST_KEY_UISupportedInterfaceOrientations_iPad = "UIInterfaceOrientationPortrait UIInterfaceOrientationPortraitUpsideDown UIInterfaceOrientationLandscapeLeft UIInterfaceOrientationLandscapeRight";
				INFOPLIST_KEY_UISupportedInterfaceOrientations_iPhone = "UIInterfaceOrientationPortrait UIInterfaceOrientationLandscapeLeft UIInterfaceOrientationLandscapeRight";
				IPHONEOS_DEPLOYMENT_TARGET = 26.0;
				LD_RUNPATH_SEARCH_PATHS = "@executable_path/Frameworks";
				"LD_RUNPATH_SEARCH_PATHS[sdk=macosx*]" = "@executable_path/../Frameworks";
				MACOSX_DEPLOYMENT_TARGET = 26.0;
				MARKETING_VERSION = 1.0;
				PRODUCT_BUNDLE_IDENTIFIER = PMC.ShondonDHApp;
				PRODUCT_NAME = "$(TARGET_NAME)";
				REGISTER_APP_GROUPS = YES;
				SDKROOT = auto;
				STRING_CATALOG_GENERATE_SYMBOLS = YES;
				SUPPORTED_PLATFORMS = "iphoneos iphonesimulator macosx xros xrsimulator";
				SWIFT_DEFAULT_ACTOR_ISOLATION = MainActor;
				SWIFT_EMIT_LOC_STRINGS = YES;
				SWIFT_UPCOMING_FEATURE_MEMBER_IMPORT_VISIBILITY = YES;
				SWIFT_VERSION = 5.0;
				TARGETED_DEVICE_FAMILY = "1,2,7";
				XROS_DEPLOYMENT_TARGET = 26.0;
			};
			name = Release;
		};
/* End XCBuildConfiguration section */

/* Begin XCConfigurationList section */
		ED156B9E2E07844B0022FE0C /* Build configuration list for PBXProject "ShondonDHApp" */ = {
			isa = XCConfigurationList;
			buildConfigurations = (
				ED156BAC2E07844D0022FE0C /* Debug */,
				ED156BAD2E07844D0022FE0C /* Release */,
			);
			defaultConfigurationIsVisible = 0;
			defaultConfigurationName = Release;
		};
		ED156BAE2E07844D0022FE0C /* Build configuration list for PBXNativeTarget "ShondonDHApp" */ = {
			isa = XCConfigurationList;
			buildConfigurations = (
				ED156BAF2E07844D0022FE0C /* Debug */,
				ED156BB02E07844D0022FE0C /* Release */,
			);
			defaultConfigurationIsVisible = 0;
			defaultConfigurationName = Release;
		};
/* End XCConfigurationList section */

/* Begin XCRemoteSwiftPackageReference section */
		ED156BB12E0785D20022FE0C /* XCRemoteSwiftPackageReference "firebase-ios-sdk" */ = {
			isa = XCRemoteSwiftPackageReference;
			repositoryURL = "https://github.com/firebase/firebase-ios-sdk";
			requirement = {
				kind = upToNextMajorVersion;
				minimumVersion = 11.14.0;
			};
		};
/* End XCRemoteSwiftPackageReference section */

/* Begin XCSwiftPackageProductDependency section */
		ED156BC52E0788D30022FE0C /* FirebaseAI */ = {
			isa = XCSwiftPackageProductDependency;
			package = ED156BB12E0785D20022FE0C /* XCRemoteSwiftPackageReference "firebase-ios-sdk" */;
			productName = FirebaseAI;
		};
		ED156BC72E0788D30022FE0C /* FirebaseAppCheck */ = {
			isa = XCSwiftPackageProductDependency;
			package = ED156BB12E0785D20022FE0C /* XCRemoteSwiftPackageReference "firebase-ios-sdk" */;
			productName = FirebaseAppCheck;
		};
		ED156BC92E0788D30022FE0C /* FirebaseAuth */ = {
			isa = XCSwiftPackageProductDependency;
			package = ED156BB12E0785D20022FE0C /* XCRemoteSwiftPackageReference "firebase-ios-sdk" */;
			productName = FirebaseAuth;
		};
		ED156BCB2E0788D30022FE0C /* FirebaseAuthCombine-Community */ = {
			isa = XCSwiftPackageProductDependency;
			package = ED156BB12E0785D20022FE0C /* XCRemoteSwiftPackageReference "firebase-ios-sdk" */;
			productName = "FirebaseAuthCombine-Community";
		};
		ED156BCD2E0788D30022FE0C /* FirebaseCore */ = {
			isa = XCSwiftPackageProductDependency;
			package = ED156BB12E0785D20022FE0C /* XCRemoteSwiftPackageReference "firebase-ios-sdk" */;
			productName = FirebaseCore;
		};
		ED156BCF2E0788D30022FE0C /* FirebaseDatabase */ = {
			isa = XCSwiftPackageProductDependency;
			package = ED156BB12E0785D20022FE0C /* XCRemoteSwiftPackageReference "firebase-ios-sdk" */;
			productName = FirebaseDatabase;
		};
		ED156BD12E0788D30022FE0C /* FirebaseFirestore */ = {
			isa = XCSwiftPackageProductDependency;
			package = ED156BB12E0785D20022FE0C /* XCRemoteSwiftPackageReference "firebase-ios-sdk" */;
			productName = FirebaseFirestore;
		};
		ED156BD32E0788D30022FE0C /* FirebaseFirestoreCombine-Community */ = {
			isa = XCSwiftPackageProductDependency;
			package = ED156BB12E0785D20022FE0C /* XCRemoteSwiftPackageReference "firebase-ios-sdk" */;
			productName = "FirebaseFirestoreCombine-Community";
		};
		ED156BD52E0788D30022FE0C /* FirebaseFunctions */ = {
			isa = XCSwiftPackageProductDependency;
			package = ED156BB12E0785D20022FE0C /* XCRemoteSwiftPackageReference "firebase-ios-sdk" */;
			productName = FirebaseFunctions;
		};
		ED156BD72E0788D30022FE0C /* FirebaseStorage */ = {
			isa = XCSwiftPackageProductDependency;
			package = ED156BB12E0785D20022FE0C /* XCRemoteSwiftPackageReference "firebase-ios-sdk" */;
			productName = FirebaseStorage;
		};
		ED156BD92E0788D30022FE0C /* FirebaseStorageCombine-Community */ = {
			isa = XCSwiftPackageProductDependency;
			package = ED156BB12E0785D20022FE0C /* XCRemoteSwiftPackageReference "firebase-ios-sdk" */;
			productName = "FirebaseStorageCombine-Community";
		};
/* End XCSwiftPackageProductDependency section */
	};
	rootObject = ED156B9B2E07844B0022FE0C /* Project object */;
}
